
Microsoft Visual Studio Solution File, Format Version 12.00
# Visual Studio Version 17
VisualStudioVersion = 17.6.33815.320
MinimumVisualStudioVersion = 10.0.40219.1
Project("{FAE04EC0-301F-11D3-BF4B-00C04F79EFBC}") = "ERPMaster", "ERPMaster\ERPMaster.csproj", "{A027E84C-E7F2-4E3F-B753-BFB8FF5A5F54}"
EndProject
Global
	GlobalSection(SolutionConfigurationPlatforms) = preSolution
		Debug|Any CPU = Debug|Any CPU
		Release|Any CPU = Release|Any CPU
	EndGlobalSection
	GlobalSection(ProjectConfigurationPlatforms) = postSolution
		{A027E84C-E7F2-4E3F-B753-BFB8FF5A5F54}.Debug|Any CPU.ActiveCfg = Debug|Any CPU
		{A027E84C-E7F2-4E3F-B753-BFB8FF5A5F54}.Debug|Any CPU.Build.0 = Debug|Any CPU
		{A027E84C-E7F2-4E3F-B753-BFB8FF5A5F54}.Release|Any CPU.ActiveCfg = Release|Any CPU
		{A027E84C-E7F2-4E3F-B753-BFB8FF5A5F54}.Release|Any CPU.Build.0 = Release|Any CPU
	EndGlobalSection
	GlobalSection(SolutionProperties) = preSolution
		HideSolutionNode = FALSE
	EndGlobalSection
	GlobalSection(ExtensibilityGlobals) = postSolution
		SolutionGuid = {5147CE24-7768-4389-92CF-94875A8E72E3}
	EndGlobalSection
EndGlobal
